
Microsoft Visual Studio Solution File, Format Version 12.00
# Visual Studio Version 17
VisualStudioVersion = 17.14.36518.9 d17.14
MinimumVisualStudioVersion = 10.0.40219.1
Project("{FAE04EC0-301F-11D3-BF4B-00C04F79EFBC}") = "cp3", "cp3\cp3.csproj", "{EEC4D811-2363-4956-BD36-F7B1B2005E26}"
EndProject
Global
	GlobalSection(SolutionConfigurationPlatforms) = preSolution
		Debug|Any CPU = Debug|Any CPU
		Release|Any CPU = Release|Any CPU
	EndGlobalSection
	GlobalSection(ProjectConfigurationPlatforms) = postSolution
		{EEC4D811-2363-4956-BD36-F7B1B2005E26}.Debug|Any CPU.ActiveCfg = Debug|Any CPU
		{EEC4D811-2363-4956-BD36-F7B1B2005E26}.Debug|Any CPU.Build.0 = Debug|Any CPU
		{EEC4D811-2363-4956-BD36-F7B1B2005E26}.Release|Any CPU.ActiveCfg = Release|Any CPU
		{EEC4D811-2363-4956-BD36-F7B1B2005E26}.Release|Any CPU.Build.0 = Release|Any CPU
	EndGlobalSection
	GlobalSection(SolutionProperties) = preSolution
		HideSolutionNode = FALSE
	EndGlobalSection
	GlobalSection(ExtensibilityGlobals) = postSolution
		SolutionGuid = {62B42292-86DC-41D0-91A8-47048965B2D5}
	EndGlobalSection
EndGlobal
